
Microsoft Visual Studio Solution File, Format Version 12.00
Project("{FAE04EC0-301F-11D3-BF4B-00C04F79EFBC}") = "Mailing", "Mailing\Mailing.csproj", "{C4AB3E66-EECE-4C5F-8701-7F2D436739A3}"
EndProject
Project("{FAE04EC0-301F-11D3-BF4B-00C04F79EFBC}") = "TestWebApp", "TestWebApp\TestWebApp.csproj", "{B9A2CBDB-0029-45F4-A64E-5E78BC580BFB}"
EndProject
Global
	GlobalSection(SolutionConfigurationPlatforms) = preSolution
		Debug|Any CPU = Debug|Any CPU
		Release|Any CPU = Release|Any CPU
	EndGlobalSection
	GlobalSection(ProjectConfigurationPlatforms) = postSolution
		{C4AB3E66-EECE-4C5F-8701-7F2D436739A3}.Debug|Any CPU.ActiveCfg = Debug|Any CPU
		{C4AB3E66-EECE-4C5F-8701-7F2D436739A3}.Debug|Any CPU.Build.0 = Debug|Any CPU
		{C4AB3E66-EECE-4C5F-8701-7F2D436739A3}.Release|Any CPU.ActiveCfg = Release|Any CPU
		{C4AB3E66-EECE-4C5F-8701-7F2D436739A3}.Release|Any CPU.Build.0 = Release|Any CPU
		{B9A2CBDB-0029-45F4-A64E-5E78BC580BFB}.Debug|Any CPU.ActiveCfg = Debug|Any CPU
		{B9A2CBDB-0029-45F4-A64E-5E78BC580BFB}.Debug|Any CPU.Build.0 = Debug|Any CPU
		{B9A2CBDB-0029-45F4-A64E-5E78BC580BFB}.Release|Any CPU.ActiveCfg = Release|Any CPU
		{B9A2CBDB-0029-45F4-A64E-5E78BC580BFB}.Release|Any CPU.Build.0 = Release|Any CPU
	EndGlobalSection
EndGlobal
